
Microsoft Visual Studio Solution File, Format Version 10.00
# Visual Studio 2008
Project("{8BC9CEB8-8B4A-11D0-8D11-00A0C91BC942}") = "sqlitewrapper", "sqlitewrapper\sqlitewrapper.vcproj", "{A58D9FA7-BD36-436C-84E0-3096E7E8BC68}"
EndProject
Global
	GlobalSection(SolutionConfigurationPlatforms) = preSolution
		Debug|Win32 = Debug|Win32
		Release|Win32 = Release|Win32
	EndGlobalSection
	GlobalSection(ProjectConfigurationPlatforms) = postSolution
		{A58D9FA7-BD36-436C-84E0-3096E7E8BC68}.Debug|Win32.ActiveCfg = Debug|Win32
		{A58D9FA7-BD36-436C-84E0-3096E7E8BC68}.Debug|Win32.Build.0 = Debug|Win32
		{A58D9FA7-BD36-436C-84E0-3096E7E8BC68}.Release|Win32.ActiveCfg = Release|Win32
		{A58D9FA7-BD36-436C-84E0-3096E7E8BC68}.Release|Win32.Build.0 = Release|Win32
	EndGlobalSection
	GlobalSection(SolutionProperties) = preSolution
		HideSolutionNode = FALSE
	EndGlobalSection
EndGlobal
